# This file is autogenerated, do not edit; changes may be undone by the next 'dep ensure'.


[[projects]]
  digest = "1:8d06b6b27f431bedb09127372e275f18a5c377be5c30348d8153d105888aee0e"
  name = "github.com/Ullaakut/nmap"
  packages = [
    ".",
    "pkg/osfamilies",
  ]
  pruneopts = "UT"
  revision = "b27e203871eeaea6f80c4cff3ea50ae913513923"
  version = "1.0.0"

[solve-meta]
  analyzer-name = "dep"
  analyzer-version = 1
  input-imports = ["github.com/Ullaakut/nmap"]
  solver-name = "gps-cdcl"
  solver-version = 1
